{
    "name": "https-microservice",
    "version": "1.0.3",
    "lockfileVersion": 2,
    "requires": true,
    "packages": {
        "": {
            "version": "1.0.3",
            "dependencies": {
                "jwt-tiny": "github:digplan/jwt-tiny",
                "supramap": "^0.0.1"
            },
            "bin": {
                "https-microservice": "test.mjs"
            }
        },
        "node_modules/jwt-tiny": {
            "version": "1.0.3",
            "resolved": "git+ssh://git@github.com/digplan/jwt-tiny.git#e47ef8c6cfe5ee43e27ae78d1ecee40222fa0d04",
            "bin": {
                "jwt-tiny": "test.mjs"
            }
        },
        "node_modules/supramap": {
            "version": "0.0.1",
            "resolved": "https://registry.npmjs.org/supramap/-/supramap-0.0.1.tgz",
            "integrity": "sha512-3yTuz7yV763yiwj/Hw0hLyyt3HimAJ7q7jF+jq2x7Yv5VG3+o0lHqET9tW0qYqmE3CurUUb6OxivYUj5flt+Xw==",
            "bin": {
                "supramap": "test.mjs"
            }
        }
    },
    "dependencies": {
        "jwt-tiny": {
            "version": "git+ssh://git@github.com/digplan/jwt-tiny.git#e47ef8c6cfe5ee43e27ae78d1ecee40222fa0d04",
            "from": "jwt-tiny@github:digplan/jwt-tiny"
        },
        "supramap": {
            "version": "0.0.1",
            "resolved": "https://registry.npmjs.org/supramap/-/supramap-0.0.1.tgz",
            "integrity": "sha512-3yTuz7yV763yiwj/Hw0hLyyt3HimAJ7q7jF+jq2x7Yv5VG3+o0lHqET9tW0qYqmE3CurUUb6OxivYUj5flt+Xw=="
        }
    }
}
