{
    "name": "https-microservice",
    "version": "1.0.3",
    "lockfileVersion": 2,
    "requires": true,
    "packages": {
        "": {
            "name": "https-microservice",
            "version": "1.0.3",
            "dependencies": {
                "jwt-tiny": "^1.0.2",
                "supramap": "^0.0.1"
            },
            "bin": {
                "https-microservice": "test.mjs"
            }
        },
        "node_modules/jwt-tiny": {
            "version": "1.0.2",
            "resolved": "https://registry.npmjs.org/jwt-tiny/-/jwt-tiny-1.0.2.tgz",
            "integrity": "sha512-+HngHdCCFhdMcDWrHPsqg6pEEUqjfPrSDMwWS976p1Yh7VIZP/cYicntgiTV/sSNzmapBjp/vNQHFUR35p5deA==",
            "bin": {
                "jwt-tiny": "test.mjs"
            }
        },
        "node_modules/supramap": {
            "version": "0.0.1",
            "resolved": "https://registry.npmjs.org/supramap/-/supramap-0.0.1.tgz",
            "integrity": "sha512-3yTuz7yV763yiwj/Hw0hLyyt3HimAJ7q7jF+jq2x7Yv5VG3+o0lHqET9tW0qYqmE3CurUUb6OxivYUj5flt+Xw==",
            "bin": {
                "supramap": "test.mjs"
            }
        }
    },
    "dependencies": {
        "jwt-tiny": {
            "version": "1.0.2",
            "resolved": "https://registry.npmjs.org/jwt-tiny/-/jwt-tiny-1.0.2.tgz",
            "integrity": "sha512-+HngHdCCFhdMcDWrHPsqg6pEEUqjfPrSDMwWS976p1Yh7VIZP/cYicntgiTV/sSNzmapBjp/vNQHFUR35p5deA=="
        },
        "supramap": {
            "version": "0.0.1",
            "resolved": "https://registry.npmjs.org/supramap/-/supramap-0.0.1.tgz",
            "integrity": "sha512-3yTuz7yV763yiwj/Hw0hLyyt3HimAJ7q7jF+jq2x7Yv5VG3+o0lHqET9tW0qYqmE3CurUUb6OxivYUj5flt+Xw=="
        }
    }
}
